
Microsoft Visual Studio Solution File, Format Version 12.00
Project("{2150E333-8FDC-42A3-9474-1A3956D46DE8}") = "Src", "Src", "{87113E24-E422-4F1E-B1DF-0BC093A19989}"
EndProject
Project("{FAE04EC0-301F-11D3-BF4B-00C04F79EFBC}") = "DeviantNews.Domain", "Src\DeviantNews.Domain\DeviantNews.Domain.csproj", "{059E8433-9008-4BDB-8575-9DAA1A7BC837}"
EndProject
Project("{FAE04EC0-301F-11D3-BF4B-00C04F79EFBC}") = "DeviantNews.Presentation", "Src\DeviantNews.Presentation\DeviantNews.Presentation.csproj", "{272CDFA5-A590-4ADB-ADD5-51DABD644926}"
EndProject
Global
	GlobalSection(SolutionConfigurationPlatforms) = preSolution
		Debug|Any CPU = Debug|Any CPU
		Release|Any CPU = Release|Any CPU
	EndGlobalSection
	GlobalSection(NestedProjects) = preSolution
		{059E8433-9008-4BDB-8575-9DAA1A7BC837} = {87113E24-E422-4F1E-B1DF-0BC093A19989}
		{272CDFA5-A590-4ADB-ADD5-51DABD644926} = {87113E24-E422-4F1E-B1DF-0BC093A19989}
	EndGlobalSection
	GlobalSection(ProjectConfigurationPlatforms) = postSolution
		{059E8433-9008-4BDB-8575-9DAA1A7BC837}.Debug|Any CPU.ActiveCfg = Debug|Any CPU
		{059E8433-9008-4BDB-8575-9DAA1A7BC837}.Debug|Any CPU.Build.0 = Debug|Any CPU
		{059E8433-9008-4BDB-8575-9DAA1A7BC837}.Release|Any CPU.ActiveCfg = Release|Any CPU
		{059E8433-9008-4BDB-8575-9DAA1A7BC837}.Release|Any CPU.Build.0 = Release|Any CPU
		{272CDFA5-A590-4ADB-ADD5-51DABD644926}.Debug|Any CPU.ActiveCfg = Debug|Any CPU
		{272CDFA5-A590-4ADB-ADD5-51DABD644926}.Debug|Any CPU.Build.0 = Debug|Any CPU
		{272CDFA5-A590-4ADB-ADD5-51DABD644926}.Release|Any CPU.ActiveCfg = Release|Any CPU
		{272CDFA5-A590-4ADB-ADD5-51DABD644926}.Release|Any CPU.Build.0 = Release|Any CPU
	EndGlobalSection
EndGlobal
